# @generated - this file is auto-generated by `mise lock` https://mise.jdx.dev/dev-tools/mise-lock.html

lockfile_version = 2

[[tools."aqua:anthropics/claude-code"]]
version = "2.1.295"
backend = "aqua:anthropics/claude-code"
specifiers = ["2.1.295"]

[tools."aqua:anthropics/claude-code"."platforms.linux-arm64"]
checksum = "sha256:a22d704eca7f241476445dfeb001c1848c1ebb6251e583be3dccfbfb1a5fd4aa"
url = "https://github.com/anthropics/claude-code/releases/download/v2.1.295/claude-linux-arm64.tar.gz"
url_api = "https://api.github.com/repos/anthropics/claude-code/releases/assets/622630676"

[tools."aqua:anthropics/claude-code"."platforms.linux-arm64-musl"]
checksum = "sha256:ccc0a3e17361c4f7388398324607db8e806d53e172d7edaebf8a3f19245e46de"
url = "https://github.com/anthropics/claude-code/releases/download/v2.1.295/claude-linux-arm64-musl.tar.gz"
url_api = "https://api.github.com/repos/anthropics/claude-code/releases/assets/622630663"

[tools."aqua:anthropics/claude-code"."platforms.linux-x64"]
checksum = "sha256:cf9cfb714ded1f27c1d3b7fb274faef50d72312c4b14525a74659188f59bd8b1"
url = "https://github.com/anthropics/claude-code/releases/download/v2.1.295/claude-linux-x64.tar.gz"
url_api = "https://api.github.com/repos/anthropics/claude-code/releases/assets/622631007"

[tools."aqua:anthropics/claude-code"."platforms.linux-x64-musl"]
checksum = "sha256:19c025a716b96841a39c9dda3d8fafb83bff4895c659354018d165f1808fd8a7"
url = "https://github.com/anthropics/claude-code/releases/download/v2.1.295/claude-linux-x64-musl.tar.gz"
url_api = "https://api.github.com/repos/anthropics/claude-code/releases/assets/622630678"

[tools."aqua:anthropics/claude-code"."platforms.macos-arm64"]
checksum = "sha256:dfbbe96007c69d7bc8631c5f4d7596e960cb0962f8d13efea7d4239f4caa3917"
url = "https://github.com/anthropics/claude-code/releases/download/v2.1.295/claude-darwin-arm64.tar.gz"
url_api = "https://api.github.com/repos/anthropics/claude-code/releases/assets/622630668"

[tools."aqua:anthropics/claude-code"."platforms.macos-x64"]
checksum = "sha256:7b0ae32560b75062ea3a93b157d08defc406dbd1fb8a5ea59acdff5d169e8f31"
url = "https://github.com/anthropics/claude-code/releases/download/v2.1.295/claude-darwin-x64.tar.gz"
url_api = "https://api.github.com/repos/anthropics/claude-code/releases/assets/622630675"

[tools."aqua:anthropics/claude-code"."platforms.windows-x64"]
checksum = "sha256:3f8ce0f5dcf243d652f57c0ba3aa2da3bceda5c1cab819357c259954dc2fbf18"
url = "https://github.com/anthropics/claude-code/releases/download/v2.1.295/claude-win32-x64.zip"
url_api = "https://api.github.com/repos/anthropics/claude-code/releases/assets/622631050"

[[tools.node]]
version = "24.21.0"
backend = "core:node"
specifiers = ["24.21.0"]

[tools.node."platforms.linux-arm64"]
checksum = "sha256:724282c3b43aec998aa9527380465b45d229e021b58035f5f4f63095eabfe5d5"
url = "https://nodejs.org/dist/v24.21.0/node-v24.21.0-linux-arm64.tar.gz"

[tools.node."platforms.linux-arm64-musl"]
checksum = "sha256:3048b0811e158ca0d8672b59c839861763e144492980d8d29b369dfee45747e4"
url = "https://unofficial-builds.nodejs.org/download/release/v24.21.0/node-v24.21.0-linux-arm64-musl.tar.gz"

[tools.node."platforms.linux-x64"]
checksum = "sha256:6e1db87ef58b8819e5d5402eff1536491b18edd8eb7bee5ef7897876e88dc5ff"
url = "https://nodejs.org/dist/v24.21.0/node-v24.21.0-linux-x64.tar.gz"

[tools.node."platforms.linux-x64-musl"]
checksum = "sha256:01a713e34da98e7b4d2a3191ee7ca3f93dd0384d1a2ef23c379b2161ee6e133a"
url = "https://unofficial-builds.nodejs.org/download/release/v24.21.0/node-v24.21.0-linux-x64-musl.tar.gz"

[tools.node."platforms.macos-arm64"]
checksum = "sha256:bed7eea5325e1108f32ce5228ddd6a5f0f08a499ee42aa7442aea583702f6057"
url = "https://nodejs.org/dist/v24.21.0/node-v24.21.0-darwin-arm64.tar.gz"

[tools.node."platforms.macos-x64"]
checksum = "sha256:1462cb3b3046b815cf8ea436d3da450ec1a9f11dac7e5a46b0ada5305d7e8097"
url = "https://nodejs.org/dist/v24.21.0/node-v24.21.0-darwin-x64.tar.gz"

[tools.node."platforms.windows-x64"]
checksum = "sha256:158f7685b44de51f6c0df1d153526cbcd3e1bc739a8dfc607721cef75de9e541"
url = "https://nodejs.org/dist/v24.21.0/node-v24.21.0-win-x64.zip"

[[tools."npm:skills"]]
version = "1.7.0"
aube = { path = ".mise/locks/npm-skills/1.7.0", digest = "sha256:5e1165c56e5de749970266d1a30e7fc0c22a36480eab6c505c7d6748076654bc" }
backend = "npm:skills"
specifiers = ["1.7.0"]

[[tools."pipx:skillscheck"]]
version = "0.9.7"
backend = "pipx:skillscheck"
specifiers = ["0.9.7"]
uv = { path = ".mise/locks/pipx-skillscheck/0.9.7", digest = "sha256:99f9506ace0670865202d913cf43912cc68e73a692afc6c0defba71c01870667" }

[[tools.python]]
version = "3.14.8"
backend = "core:python"
specifiers = ["3.14.8"]

[tools.python."platforms.linux-arm64"]
checksum = "sha256:54f9cd13b97add6bbd077175b6d89f974cc582ece1c40ace1893067582edaf0e"
url = "https://github.com/astral-sh/python-build-standalone/releases/download/20261009/cpython-3.14.8+20261009-aarch64-unknown-linux-gnu-install_only_stripped.tar.gz"
provenance = "github-attestations"

[tools.python."platforms.linux-arm64-musl"]
checksum = "sha256:b869ae31f3b4185474157c4295c8006a9758b592f079df60e2d0986e8d081622"
url = "https://github.com/astral-sh/python-build-standalone/releases/download/20261009/cpython-3.14.8+20261009-aarch64-unknown-linux-musl-install_only_stripped.tar.gz"
provenance = "github-attestations"

[tools.python."platforms.linux-x64"]
checksum = "sha256:ddc902fd26460f728758c67d80417c1031edf97589f1f162c4ba3aa158a35998"
url = "https://github.com/astral-sh/python-build-standalone/releases/download/20261009/cpython-3.14.8+20261009-x86_64-unknown-linux-gnu-install_only_stripped.tar.gz"
provenance = "github-attestations"

[tools.python."platforms.linux-x64-musl"]
checksum = "sha256:172df428945e2edf6765292a9e41773d2dbf136f5814c6449ff471698cc4e4e3"
url = "https://github.com/astral-sh/python-build-standalone/releases/download/20261009/cpython-3.14.8+20261009-x86_64-unknown-linux-musl-install_only_stripped.tar.gz"
provenance = "github-attestations"

[tools.python."platforms.macos-arm64"]
checksum = "sha256:936217c0e6893f51af939474bee18ecf5e6fe47b986d2c163f19b57c682e4a83"
url = "https://github.com/astral-sh/python-build-standalone/releases/download/20261009/cpython-3.14.8+20261009-aarch64-apple-darwin-install_only_stripped.tar.gz"
provenance = "github-attestations"

[tools.python."platforms.macos-x64"]
checksum = "sha256:0fe0c68a7f90458abd13b50a3d8f5f0cb5b2f0a1f33b6ef1445751cf2dc8b36e"
url = "https://github.com/astral-sh/python-build-standalone/releases/download/20261009/cpython-3.14.8+20261009-x86_64-apple-darwin-install_only_stripped.tar.gz"
provenance = "github-attestations"

[tools.python."platforms.windows-x64"]
checksum = "sha256:5b6fa7ddeabe23ae83d7b54e5043eb4fa1ccb10a73fa4c6b0f541dea8160d505"
url = "https://github.com/astral-sh/python-build-standalone/releases/download/20261009/cpython-3.14.8+20261009-x86_64-pc-windows-msvc-install_only_stripped.tar.gz"
provenance = "github-attestations"

[[tools.uv]]
version = "0.12.24"
backend = "aqua:astral-sh/uv"
specifiers = ["0.12.24"]

[tools.uv."platforms.linux-arm64"]
checksum = "sha256:5231be65f496304623895dacdbf1de8504fec90303684bdf05805aa34414dd21"
url = "https://github.com/astral-sh/uv/releases/download/0.12.24/uv-aarch64-unknown-linux-gnu.tar.gz"
url_api = "https://api.github.com/repos/astral-sh/uv/releases/assets/622872824"
provenance = "github-attestations"

[tools.uv."platforms.linux-arm64-musl"]
checksum = "sha256:7f9ab4726d743b6a92e310477a7840c8a8a7b3938cb3c4657d541342fca75011"
url = "https://github.com/astral-sh/uv/releases/download/0.12.24/uv-aarch64-unknown-linux-musl.tar.gz"
url_api = "https://api.github.com/repos/astral-sh/uv/releases/assets/622872847"
provenance = "github-attestations"

[tools.uv."platforms.linux-x64"]
checksum = "sha256:b4dfaef47d491a7296981f8374a4595f55dbf84e8937c8ecd2983574d8bb3da6"
url = "https://github.com/astral-sh/uv/releases/download/0.12.24/uv-x86_64-unknown-linux-gnu.tar.gz"
url_api = "https://api.github.com/repos/astral-sh/uv/releases/assets/622873043"
provenance = "github-attestations"

[tools.uv."platforms.linux-x64-musl"]
checksum = "sha256:48170bd200a5430298c18f3b264485a1f3a8605f01088277daf6e37633edf0f5"
url = "https://github.com/astral-sh/uv/releases/download/0.12.24/uv-x86_64-unknown-linux-musl.tar.gz"
url_api = "https://api.github.com/repos/astral-sh/uv/releases/assets/622873060"
provenance = "github-attestations"

[tools.uv."platforms.macos-arm64"]
checksum = "sha256:0c4346de7abdb49495b393b9ec809fe387aa43e586be20fecb972216c1e71732"
url = "https://github.com/astral-sh/uv/releases/download/0.12.24/uv-aarch64-apple-darwin.tar.gz"
url_api = "https://api.github.com/repos/astral-sh/uv/releases/assets/622872807"
provenance = "github-attestations"

[tools.uv."platforms.macos-x64"]
checksum = "sha256:4fa82e37cb94767661f532b001e470b67a186c7260e305bd84ddb78fd545c0b6"
url = "https://github.com/astral-sh/uv/releases/download/0.12.24/uv-x86_64-apple-darwin.tar.gz"
url_api = "https://api.github.com/repos/astral-sh/uv/releases/assets/622873012"
provenance = "github-attestations"

[tools.uv."platforms.windows-x64"]
checksum = "sha256:7c38608c8a18ee137d748a1773053b07ec8f3a30fab49aebaa6f4e4efeceb019"
url = "https://github.com/astral-sh/uv/releases/download/0.12.24/uv-x86_64-pc-windows-msvc.zip"
url_api = "https://api.github.com/repos/astral-sh/uv/releases/assets/622873038"
provenance = "github-attestations"
